// !$*UTF8*$!
{
	archiveVersion = 1;
	classes = {
	};
	objectVersion = 51;
	objects = {

/* Begin PBXBuildFile section */
		101A41AF266647AC000DEBB3 /* GoogleStreetView.swift in Sources */ = {isa = PBXBuildFile; fileRef = 101A41AE266647AC000DEBB3 /* GoogleStreetView.swift */; };
		101A41B426665EBD000DEBB3 /* Database.swift in Sources */ = {isa = PBXBuildFile; fileRef = 101A41B326665EBD000DEBB3 /* Database.swift */; };
		109A90BC2664EA050030F08D /* GeoMillionaireApp.swift in Sources */ = {isa = PBXBuildFile; fileRef = 109A90BB2664EA050030F08D /* GeoMillionaireApp.swift */; };
		109A90BE2664EA050030F08D /* ContentView.swift in Sources */ = {isa = PBXBuildFile; fileRef = 109A90BD2664EA050030F08D /* ContentView.swift */; };
		109A90C02664EA0A0030F08D /* Assets.xcassets in Resources */ = {isa = PBXBuildFile; fileRef = 109A90BF2664EA0A0030F08D /* Assets.xcassets */; };
		109A90C32664EA0A0030F08D /* Preview Assets.xcassets in Resources */ = {isa = PBXBuildFile; fileRef = 109A90C22664EA0A0030F08D /* Preview Assets.xcassets */; };
		2A35CE112664F07000704AFB /* AnswerView.swift in Sources */ = {isa = PBXBuildFile; fileRef = 2A35CE102664F07000704AFB /* AnswerView.swift */; };
		C4F220234E94AEABE67FCC16 /* libPods-GeoMillionaire.a in Frameworks */ = {isa = PBXBuildFile; fileRef = 8D6CB8AD128FDFC3CA9C79FA /* libPods-GeoMillionaire.a */; };
/* End PBXBuildFile section */

/* Begin PBXFileReference section */
		101A41AE266647AC000DEBB3 /* GoogleStreetView.swift */ = {isa = PBXFileReference; lastKnownFileType = sourcecode.swift; path = GoogleStreetView.swift; sourceTree = "<group>"; };
		101A41B326665EBD000DEBB3 /* Database.swift */ = {isa = PBXFileReference; lastKnownFileType = sourcecode.swift; path = Database.swift; sourceTree = "<group>"; };
		109A90B82664EA050030F08D /* GeoMillionaire.app */ = {isa = PBXFileReference; explicitFileType = wrapper.application; includeInIndex = 0; path = GeoMillionaire.app; sourceTree = BUILT_PRODUCTS_DIR; };
		109A90BB2664EA050030F08D /* GeoMillionaireApp.swift */ = {isa = PBXFileReference; lastKnownFileType = sourcecode.swift; path = GeoMillionaireApp.swift; sourceTree = "<group>"; };
		109A90BD2664EA050030F08D /* ContentView.swift */ = {isa = PBXFileReference; lastKnownFileType = sourcecode.swift; path = ContentView.swift; sourceTree = "<group>"; };
		109A90BF2664EA0A0030F08D /* Assets.xcassets */ = {isa = PBXFileReference; lastKnownFileType = folder.assetcatalog; path = Assets.xcassets; sourceTree = "<group>"; };
		109A90C22664EA0A0030F08D /* Preview Assets.xcassets */ = {isa = PBXFileReference; lastKnownFileType = folder.assetcatalog; path = "Preview Assets.xcassets"; sourceTree = "<group>"; };
		109A90C42664EA0A0030F08D /* Info.plist */ = {isa = PBXFileReference; lastKnownFileType = text.plist.xml; path = Info.plist; sourceTree = "<group>"; };
		2A35CE102664F07000704AFB /* AnswerView.swift */ = {isa = PBXFileReference; lastKnownFileType = sourcecode.swift; path = AnswerView.swift; sourceTree = "<group>"; };
		8D6CB8AD128FDFC3CA9C79FA /* libPods-GeoMillionaire.a */ = {isa = PBXFileReference; explicitFileType = archive.ar; includeInIndex = 0; path = "libPods-GeoMillionaire.a"; sourceTree = BUILT_PRODUCTS_DIR; };
		D176CF1302525B42602DA456 /* Pods-GeoMillionaire.debug.xcconfig */ = {isa = PBXFileReference; includeInIndex = 1; lastKnownFileType = text.xcconfig; name = "Pods-GeoMillionaire.debug.xcconfig"; path = "Target Support Files/Pods-GeoMillionaire/Pods-GeoMillionaire.debug.xcconfig"; sourceTree = "<group>"; };
		ED2511B955999B83AB02AA26 /* Pods-GeoMillionaire.release.xcconfig */ = {isa = PBXFileReference; includeInIndex = 1; lastKnownFileType = text.xcconfig; name = "Pods-GeoMillionaire.release.xcconfig"; path = "Target Support Files/Pods-GeoMillionaire/Pods-GeoMillionaire.release.xcconfig"; sourceTree = "<group>"; };
/* End PBXFileReference section */

/* Begin PBXFrameworksBuildPhase section */
		109A90B52664EA050030F08D /* Frameworks */ = {
			isa = PBXFrameworksBuildPhase;
			buildActionMask = 2147483647;
			files = (
				C4F220234E94AEABE67FCC16 /* libPods-GeoMillionaire.a in Frameworks */,
			);
			runOnlyForDeploymentPostprocessing = 0;
		};
/* End PBXFrameworksBuildPhase section */

/* Begin PBXGroup section */
		109A90AF2664EA040030F08D = {
			isa = PBXGroup;
			children = (
				109A90BA2664EA050030F08D /* GeoMillionaire */,
				109A90B92664EA050030F08D /* Products */,
				FFFEC5FDBC9C759F5D9969AE /* Pods */,
				CD5CF719D831EE9C2E9C63DD /* Frameworks */,
			);
			sourceTree = "<group>";
		};
		109A90B92664EA050030F08D /* Products */ = {
			isa = PBXGroup;
			children = (
				109A90B82664EA050030F08D /* GeoMillionaire.app */,
			);
			name = Products;
			sourceTree = "<group>";
		};
		109A90BA2664EA050030F08D /* GeoMillionaire */ = {
			isa = PBXGroup;
			children = (
				2A35CE102664F07000704AFB /* AnswerView.swift */,
				109A90BB2664EA050030F08D /* GeoMillionaireApp.swift */,
				101A41AE266647AC000DEBB3 /* GoogleStreetView.swift */,
				109A90BD2664EA050030F08D /* ContentView.swift */,
				109A90BF2664EA0A0030F08D /* Assets.xcassets */,
				109A90C42664EA0A0030F08D /* Info.plist */,
				109A90C12664EA0A0030F08D /* Preview Content */,
				101A41B326665EBD000DEBB3 /* Database.swift */,
			);
			path = GeoMillionaire;
			sourceTree = "<group>";
		};
		109A90C12664EA0A0030F08D /* Preview Content */ = {
			isa = PBXGroup;
			children = (
				109A90C22664EA0A0030F08D /* Preview Assets.xcassets */,
			);
			path = "Preview Content";
			sourceTree = "<group>";
		};
		CD5CF719D831EE9C2E9C63DD /* Frameworks */ = {
			isa = PBXGroup;
			children = (
				8D6CB8AD128FDFC3CA9C79FA /* libPods-GeoMillionaire.a */,
			);
			name = Frameworks;
			sourceTree = "<group>";
		};
		FFFEC5FDBC9C759F5D9969AE /* Pods */ = {
			isa = PBXGroup;
			children = (
				D176CF1302525B42602DA456 /* Pods-GeoMillionaire.debug.xcconfig */,
				ED2511B955999B83AB02AA26 /* Pods-GeoMillionaire.release.xcconfig */,
			);
			path = Pods;
			sourceTree = "<group>";
		};
/* End PBXGroup section */

/* Begin PBXNativeTarget section */
		109A90B72664EA050030F08D /* GeoMillionaire */ = {
			isa = PBXNativeTarget;
			buildConfigurationList = 109A90C72664EA0A0030F08D /* Build configuration list for PBXNativeTarget "GeoMillionaire" */;
			buildPhases = (
				35FB6F915264F3A11B868CDD /* [CP] Check Pods Manifest.lock */,
				109A90B42664EA050030F08D /* Sources */,
				109A90B52664EA050030F08D /* Frameworks */,
				109A90B62664EA050030F08D /* Resources */,
				479EA2816ACE3832645653F6 /* [CP] Copy Pods Resources */,
			);
			buildRules = (
			);
			dependencies = (
			);
			name = GeoMillionaire;
			productName = GeoMillionaire;
			productReference = 109A90B82664EA050030F08D /* GeoMillionaire.app */;
			productType = "com.apple.product-type.application";
		};
/* End PBXNativeTarget section */

/* Begin PBXProject section */
		109A90B02664EA040030F08D /* Project object */ = {
			isa = PBXProject;
			attributes = {
				LastSwiftUpdateCheck = 1250;
				LastUpgradeCheck = 1250;
				TargetAttributes = {
					109A90B72664EA050030F08D = {
						CreatedOnToolsVersion = 12.5;
					};
				};
			};
			buildConfigurationList = 109A90B32664EA040030F08D /* Build configuration list for PBXProject "GeoMillionaire" */;
			compatibilityVersion = "Xcode 9.3";
			developmentRegion = en;
			hasScannedForEncodings = 0;
			knownRegions = (
				en,
				Base,
			);
			mainGroup = 109A90AF2664EA040030F08D;
			productRefGroup = 109A90B92664EA050030F08D /* Products */;
			projectDirPath = "";
			projectRoot = "";
			targets = (
				109A90B72664EA050030F08D /* GeoMillionaire */,
			);
		};
/* End PBXProject section */

/* Begin PBXResourcesBuildPhase section */
		109A90B62664EA050030F08D /* Resources */ = {
			isa = PBXResourcesBuildPhase;
			buildActionMask = 2147483647;
			files = (
				109A90C32664EA0A0030F08D /* Preview Assets.xcassets in Resources */,
				109A90C02664EA0A0030F08D /* Assets.xcassets in Resources */,
			);
			runOnlyForDeploymentPostprocessing = 0;
		};
/* End PBXResourcesBuildPhase section */

/* Begin PBXShellScriptBuildPhase section */
		35FB6F915264F3A11B868CDD /* [CP] Check Pods Manifest.lock */ = {
			isa = PBXShellScriptBuildPhase;
			buildActionMask = 2147483647;
			files = (
			);
			inputFileListPaths = (
			);
			inputPaths = (
				"${PODS_PODFILE_DIR_PATH}/Podfile.lock",
				"${PODS_ROOT}/Manifest.lock",
			);
			name = "[CP] Check Pods Manifest.lock";
			outputFileListPaths = (
			);
			outputPaths = (
				"$(DERIVED_FILE_DIR)/Pods-GeoMillionaire-checkManifestLockResult.txt",
			);
			runOnlyForDeploymentPostprocessing = 0;
			shellPath = /bin/sh;
			shellScript = "diff \"${PODS_PODFILE_DIR_PATH}/Podfile.lock\" \"${PODS_ROOT}/Manifest.lock\" > /dev/null\nif [ $? != 0 ] ; then\n    # print error to STDERR\n    echo \"error: The sandbox is not in sync with the Podfile.lock. Run 'pod install' or update your CocoaPods installation.\" >&2\n    exit 1\nfi\n# This output is used by Xcode 'outputs' to avoid re-running this script phase.\necho \"SUCCESS\" > \"${SCRIPT_OUTPUT_FILE_0}\"\n";
			showEnvVarsInLog = 0;
		};
		479EA2816ACE3832645653F6 /* [CP] Copy Pods Resources */ = {
			isa = PBXShellScriptBuildPhase;
			buildActionMask = 2147483647;
			files = (
			);
			inputFileListPaths = (
				"${PODS_ROOT}/Target Support Files/Pods-GeoMillionaire/Pods-GeoMillionaire-resources-${CONFIGURATION}-input-files.xcfilelist",
			);
			name = "[CP] Copy Pods Resources";
			outputFileListPaths = (
				"${PODS_ROOT}/Target Support Files/Pods-GeoMillionaire/Pods-GeoMillionaire-resources-${CONFIGURATION}-output-files.xcfilelist",
			);
			runOnlyForDeploymentPostprocessing = 0;
			shellPath = /bin/sh;
			shellScript = "\"${PODS_ROOT}/Target Support Files/Pods-GeoMillionaire/Pods-GeoMillionaire-resources.sh\"\n";
			showEnvVarsInLog = 0;
		};
/* End PBXShellScriptBuildPhase section */

/* Begin PBXSourcesBuildPhase section */
		109A90B42664EA050030F08D /* Sources */ = {
			isa = PBXSourcesBuildPhase;
			buildActionMask = 2147483647;
			files = (
				101A41AF266647AC000DEBB3 /* GoogleStreetView.swift in Sources */,
				109A90BE2664EA050030F08D /* ContentView.swift in Sources */,
				2A35CE112664F07000704AFB /* AnswerView.swift in Sources */,
				101A41B426665EBD000DEBB3 /* Database.swift in Sources */,
				109A90BC2664EA050030F08D /* GeoMillionaireApp.swift in Sources */,
			);
			runOnlyForDeploymentPostprocessing = 0;
		};
/* End PBXSourcesBuildPhase section */

/* Begin XCBuildConfiguration section */
		109A90C52664EA0A0030F08D /* Debug */ = {
			isa = XCBuildConfiguration;
			buildSettings = {
				ALWAYS_SEARCH_USER_PATHS = NO;
				CLANG_ANALYZER_NONNULL = YES;
				CLANG_ANALYZER_NUMBER_OBJECT_CONVERSION = YES_AGGRESSIVE;
				CLANG_CXX_LANGUAGE_STANDARD = "gnu++14";
				CLANG_CXX_LIBRARY = "libc++";
				CLANG_ENABLE_MODULES = YES;
				CLANG_ENABLE_OBJC_ARC = YES;
				CLANG_ENABLE_OBJC_WEAK = YES;
				CLANG_WARN_BLOCK_CAPTURE_AUTORELEASING = YES;
				CLANG_WARN_BOOL_CONVERSION = YES;
				CLANG_WARN_COMMA = YES;
				CLANG_WARN_CONSTANT_CONVERSION = YES;
				CLANG_WARN_DEPRECATED_OBJC_IMPLEMENTATIONS = YES;
				CLANG_WARN_DIRECT_OBJC_ISA_USAGE = YES_ERROR;
				CLANG_WARN_DOCUMENTATION_COMMENTS = YES;
				CLANG_WARN_EMPTY_BODY = YES;
				CLANG_WARN_ENUM_CONVERSION = YES;
				CLANG_WARN_INFINITE_RECURSION = YES;
				CLANG_WARN_INT_CONVERSION = YES;
				CLANG_WARN_NON_LITERAL_NULL_CONVERSION = YES;
				CLANG_WARN_OBJC_IMPLICIT_RETAIN_SELF = YES;
				CLANG_WARN_OBJC_LITERAL_CONVERSION = YES;
				CLANG_WARN_OBJC_ROOT_CLASS = YES_ERROR;
				CLANG_WARN_QUOTED_INCLUDE_IN_FRAMEWORK_HEADER = YES;
				CLANG_WARN_RANGE_LOOP_ANALYSIS = YES;
				CLANG_WARN_STRICT_PROTOTYPES = YES;
				CLANG_WARN_SUSPICIOUS_MOVE = YES;
				CLANG_WARN_UNGUARDED_AVAILABILITY = YES_AGGRESSIVE;
				CLANG_WARN_UNREACHABLE_CODE = YES;
				CLANG_WARN__DUPLICATE_METHOD_MATCH = YES;
				COPY_PHASE_STRIP = NO;
				DEBUG_INFORMATION_FORMAT = dwarf;
				ENABLE_STRICT_OBJC_MSGSEND = YES;
				ENABLE_TESTABILITY = YES;
				GCC_C_LANGUAGE_STANDARD = gnu11;
				GCC_DYNAMIC_NO_PIC = NO;
				GCC_NO_COMMON_BLOCKS = YES;
				GCC_OPTIMIZATION_LEVEL = 0;
				GCC_PREPROCESSOR_DEFINITIONS = (
					"DEBUG=1",
					"$(inherited)",
				);
				GCC_WARN_64_TO_32_BIT_CONVERSION = YES;
				GCC_WARN_ABOUT_RETURN_TYPE = YES_ERROR;
				GCC_WARN_UNDECLARED_SELECTOR = YES;
				GCC_WARN_UNINITIALIZED_AUTOS = YES_AGGRESSIVE;
				GCC_WARN_UNUSED_FUNCTION = YES;
				GCC_WARN_UNUSED_VARIABLE = YES;
				IPHONEOS_DEPLOYMENT_TARGET = 14.5;
				MTL_ENABLE_DEBUG_INFO = INCLUDE_SOURCE;
				MTL_FAST_MATH = YES;
				ONLY_ACTIVE_ARCH = YES;
				SDKROOT = iphoneos;
				SWIFT_ACTIVE_COMPILATION_CONDITIONS = DEBUG;
				SWIFT_OPTIMIZATION_LEVEL = "-Onone";
			};
			name = Debug;
		};
		109A90C62664EA0A0030F08D /* Release */ = {
			isa = XCBuildConfiguration;
			buildSettings = {
				ALWAYS_SEARCH_USER_PATHS = NO;
				CLANG_ANALYZER_NONNULL = YES;
				CLANG_ANALYZER_NUMBER_OBJECT_CONVERSION = YES_AGGRESSIVE;
				CLANG_CXX_LANGUAGE_STANDARD = "gnu++14";
				CLANG_CXX_LIBRARY = "libc++";
				CLANG_ENABLE_MODULES = YES;
				CLANG_ENABLE_OBJC_ARC = YES;
				CLANG_ENABLE_OBJC_WEAK = YES;
				CLANG_WARN_BLOCK_CAPTURE_AUTORELEASING = YES;
				CLANG_WARN_BOOL_CONVERSION = YES;
				CLANG_WARN_COMMA = YES;
				CLANG_WARN_CONSTANT_CONVERSION = YES;
				CLANG_WARN_DEPRECATED_OBJC_IMPLEMENTATIONS = YES;
				CLANG_WARN_DIRECT_OBJC_ISA_USAGE = YES_ERROR;
				CLANG_WARN_DOCUMENTATION_COMMENTS = YES;
				CLANG_WARN_EMPTY_BODY = YES;
				CLANG_WARN_ENUM_CONVERSION = YES;
				CLANG_WARN_INFINITE_RECURSION = YES;
				CLANG_WARN_INT_CONVERSION = YES;
				CLANG_WARN_NON_LITERAL_NULL_CONVERSION = YES;
				CLANG_WARN_OBJC_IMPLICIT_RETAIN_SELF = YES;
				CLANG_WARN_OBJC_LITERAL_CONVERSION = YES;
				CLANG_WARN_OBJC_ROOT_CLASS = YES_ERROR;
				CLANG_WARN_QUOTED_INCLUDE_IN_FRAMEWORK_HEADER = YES;
				CLANG_WARN_RANGE_LOOP_ANALYSIS = YES;
				CLANG_WARN_STRICT_PROTOTYPES = YES;
				CLANG_WARN_SUSPICIOUS_MOVE = YES;
				CLANG_WARN_UNGUARDED_AVAILABILITY = YES_AGGRESSIVE;
				CLANG_WARN_UNREACHABLE_CODE = YES;
				CLANG_WARN__DUPLICATE_METHOD_MATCH = YES;
				COPY_PHASE_STRIP = NO;
				DEBUG_INFORMATION_FORMAT = "dwarf-with-dsym";
				ENABLE_NS_ASSERTIONS = NO;
				ENABLE_STRICT_OBJC_MSGSEND = YES;
				GCC_C_LANGUAGE_STANDARD = gnu11;
				GCC_NO_COMMON_BLOCKS = YES;
				GCC_WARN_64_TO_32_BIT_CONVERSION = YES;
				GCC_WARN_ABOUT_RETURN_TYPE = YES_ERROR;
				GCC_WARN_UNDECLARED_SELECTOR = YES;
				GCC_WARN_UNINITIALIZED_AUTOS = YES_AGGRESSIVE;
				GCC_WARN_UNUSED_FUNCTION = YES;
				GCC_WARN_UNUSED_VARIABLE = YES;
				IPHONEOS_DEPLOYMENT_TARGET = 14.5;
				MTL_ENABLE_DEBUG_INFO = NO;
				MTL_FAST_MATH = YES;
				SDKROOT = iphoneos;
				SWIFT_COMPILATION_MODE = wholemodule;
				SWIFT_OPTIMIZATION_LEVEL = "-O";
				VALIDATE_PRODUCT = YES;
			};
			name = Release;
		};
		109A90C82664EA0A0030F08D /* Debug */ = {
			isa = XCBuildConfiguration;
			baseConfigurationReference = D176CF1302525B42602DA456 /* Pods-GeoMillionaire.debug.xcconfig */;
			buildSettings = {
				ASSETCATALOG_COMPILER_APPICON_NAME = AppIcon;
				ASSETCATALOG_COMPILER_GLOBAL_ACCENT_COLOR_NAME = AccentColor;
				CODE_SIGN_STYLE = Automatic;
				DEVELOPMENT_ASSET_PATHS = "\"GeoMillionaire/Preview Content\"";
				DEVELOPMENT_TEAM = C23UW3NA42;
				ENABLE_PREVIEWS = YES;
				INFOPLIST_FILE = GeoMillionaire/Info.plist;
				IPHONEOS_DEPLOYMENT_TARGET = 14.0;
				LD_RUNPATH_SEARCH_PATHS = (
					"$(inherited)",
					"@executable_path/Frameworks",
				);
				PRODUCT_BUNDLE_IDENTIFIER = dhbw.GeoMillionaire;
				PRODUCT_NAME = "$(TARGET_NAME)";
				SWIFT_VERSION = 5.0;
				TARGETED_DEVICE_FAMILY = "1,2";
			};
			name = Debug;
		};
		109A90C92664EA0A0030F08D /* Release */ = {
			isa = XCBuildConfiguration;
			baseConfigurationReference = ED2511B955999B83AB02AA26 /* Pods-GeoMillionaire.release.xcconfig */;
			buildSettings = {
				ASSETCATALOG_COMPILER_APPICON_NAME = AppIcon;
				ASSETCATALOG_COMPILER_GLOBAL_ACCENT_COLOR_NAME = AccentColor;
				CODE_SIGN_STYLE = Automatic;
				DEVELOPMENT_ASSET_PATHS = "\"GeoMillionaire/Preview Content\"";
				DEVELOPMENT_TEAM = C23UW3NA42;
				ENABLE_PREVIEWS = YES;
				INFOPLIST_FILE = GeoMillionaire/Info.plist;
				IPHONEOS_DEPLOYMENT_TARGET = 14.0;
				LD_RUNPATH_SEARCH_PATHS = (
					"$(inherited)",
					"@executable_path/Frameworks",
				);
				PRODUCT_BUNDLE_IDENTIFIER = dhbw.GeoMillionaire;
				PRODUCT_NAME = "$(TARGET_NAME)";
				SWIFT_VERSION = 5.0;
				TARGETED_DEVICE_FAMILY = "1,2";
			};
			name = Release;
		};
/* End XCBuildConfiguration section */

/* Begin XCConfigurationList section */
		109A90B32664EA040030F08D /* Build configuration list for PBXProject "GeoMillionaire" */ = {
			isa = XCConfigurationList;
			buildConfigurations = (
				109A90C52664EA0A0030F08D /* Debug */,
				109A90C62664EA0A0030F08D /* Release */,
			);
			defaultConfigurationIsVisible = 0;
			defaultConfigurationName = Release;
		};
		109A90C72664EA0A0030F08D /* Build configuration list for PBXNativeTarget "GeoMillionaire" */ = {
			isa = XCConfigurationList;
			buildConfigurations = (
				109A90C82664EA0A0030F08D /* Debug */,
				109A90C92664EA0A0030F08D /* Release */,
			);
			defaultConfigurationIsVisible = 0;
			defaultConfigurationName = Release;
		};
/* End XCConfigurationList section */
	};
	rootObject = 109A90B02664EA040030F08D /* Project object */;
}
